
Microsoft Visual Studio Solution File, Format Version 12.00
# Visual Studio 14
VisualStudioVersion = 14.0.25123.0
MinimumVisualStudioVersion = 10.0.40219.1
Project("{FAE04EC0-301F-11D3-BF4B-00C04F79EFBC}") = "P2PVpn", "P2PVpn\P2PVpn.csproj", "{57B92866-A463-4449-9E99-DC697D983BD6}"
EndProject
Project("{2150E333-8FDC-42A3-9474-1A3956D46DE8}") = ".nuget", ".nuget", "{78CCBFFE-728C-40EE-8286-BAE61B5A6DB0}"
	ProjectSection(SolutionItems) = preProject
		.nuget\packages.config = .nuget\packages.config
	EndProjectSection
EndProject
Project("{FAE04EC0-301F-11D3-BF4B-00C04F79EFBC}") = "P2PVpn.Tests", "P2PVpn.Tests\P2PVpn.Tests.csproj", "{34C5E560-16FD-4805-816F-8172E6DF561C}"
EndProject
Global
	GlobalSection(SolutionConfigurationPlatforms) = preSolution
		CD_ROM|Any CPU = CD_ROM|Any CPU
		CD_ROM|x64 = CD_ROM|x64
		CD_ROM|x86 = CD_ROM|x86
		Debug|Any CPU = Debug|Any CPU
		Debug|x64 = Debug|x64
		Debug|x86 = Debug|x86
		DVD-5|Any CPU = DVD-5|Any CPU
		DVD-5|x64 = DVD-5|x64
		DVD-5|x86 = DVD-5|x86
		Release|Any CPU = Release|Any CPU
		Release|x64 = Release|x64
		Release|x86 = Release|x86
		SingleImage|Any CPU = SingleImage|Any CPU
		SingleImage|x64 = SingleImage|x64
		SingleImage|x86 = SingleImage|x86
	EndGlobalSection
	GlobalSection(ProjectConfigurationPlatforms) = postSolution
		{57B92866-A463-4449-9E99-DC697D983BD6}.CD_ROM|Any CPU.ActiveCfg = Release|Any CPU
		{57B92866-A463-4449-9E99-DC697D983BD6}.CD_ROM|Any CPU.Build.0 = Release|Any CPU
		{57B92866-A463-4449-9E99-DC697D983BD6}.CD_ROM|x64.ActiveCfg = Release|Any CPU
		{57B92866-A463-4449-9E99-DC697D983BD6}.CD_ROM|x86.ActiveCfg = Release|Any CPU
		{57B92866-A463-4449-9E99-DC697D983BD6}.Debug|Any CPU.ActiveCfg = Debug|Any CPU
		{57B92866-A463-4449-9E99-DC697D983BD6}.Debug|Any CPU.Build.0 = Debug|Any CPU
		{57B92866-A463-4449-9E99-DC697D983BD6}.Debug|x64.ActiveCfg = Debug|Any CPU
		{57B92866-A463-4449-9E99-DC697D983BD6}.Debug|x86.ActiveCfg = Debug|Any CPU
		{57B92866-A463-4449-9E99-DC697D983BD6}.DVD-5|Any CPU.ActiveCfg = Debug|Any CPU
		{57B92866-A463-4449-9E99-DC697D983BD6}.DVD-5|Any CPU.Build.0 = Debug|Any CPU
		{57B92866-A463-4449-9E99-DC697D983BD6}.DVD-5|x64.ActiveCfg = Debug|Any CPU
		{57B92866-A463-4449-9E99-DC697D983BD6}.DVD-5|x86.ActiveCfg = Debug|Any CPU
		{57B92866-A463-4449-9E99-DC697D983BD6}.Release|Any CPU.ActiveCfg = Release|Any CPU
		{57B92866-A463-4449-9E99-DC697D983BD6}.Release|Any CPU.Build.0 = Release|Any CPU
		{57B92866-A463-4449-9E99-DC697D983BD6}.Release|Any CPU.Deploy.0 = Release|Any CPU
		{57B92866-A463-4449-9E99-DC697D983BD6}.Release|x64.ActiveCfg = Release|Any CPU
		{57B92866-A463-4449-9E99-DC697D983BD6}.Release|x86.ActiveCfg = Release|Any CPU
		{57B92866-A463-4449-9E99-DC697D983BD6}.SingleImage|Any CPU.ActiveCfg = Release|Any CPU
		{57B92866-A463-4449-9E99-DC697D983BD6}.SingleImage|Any CPU.Build.0 = Release|Any CPU
		{57B92866-A463-4449-9E99-DC697D983BD6}.SingleImage|x64.ActiveCfg = Release|Any CPU
		{57B92866-A463-4449-9E99-DC697D983BD6}.SingleImage|x86.ActiveCfg = Release|Any CPU
		{34C5E560-16FD-4805-816F-8172E6DF561C}.CD_ROM|Any CPU.ActiveCfg = Release|Any CPU
		{34C5E560-16FD-4805-816F-8172E6DF561C}.CD_ROM|Any CPU.Build.0 = Release|Any CPU
		{34C5E560-16FD-4805-816F-8172E6DF561C}.CD_ROM|x64.ActiveCfg = Release|Any CPU
		{34C5E560-16FD-4805-816F-8172E6DF561C}.CD_ROM|x64.Build.0 = Release|Any CPU
		{34C5E560-16FD-4805-816F-8172E6DF561C}.CD_ROM|x86.ActiveCfg = Release|Any CPU
		{34C5E560-16FD-4805-816F-8172E6DF561C}.CD_ROM|x86.Build.0 = Release|Any CPU
		{34C5E560-16FD-4805-816F-8172E6DF561C}.Debug|Any CPU.ActiveCfg = Debug|Any CPU
		{34C5E560-16FD-4805-816F-8172E6DF561C}.Debug|Any CPU.Build.0 = Debug|Any CPU
		{34C5E560-16FD-4805-816F-8172E6DF561C}.Debug|x64.ActiveCfg = Debug|Any CPU
		{34C5E560-16FD-4805-816F-8172E6DF561C}.Debug|x64.Build.0 = Debug|Any CPU
		{34C5E560-16FD-4805-816F-8172E6DF561C}.Debug|x86.ActiveCfg = Debug|Any CPU
		{34C5E560-16FD-4805-816F-8172E6DF561C}.Debug|x86.Build.0 = Debug|Any CPU
		{34C5E560-16FD-4805-816F-8172E6DF561C}.DVD-5|Any CPU.ActiveCfg = Debug|Any CPU
		{34C5E560-16FD-4805-816F-8172E6DF561C}.DVD-5|Any CPU.Build.0 = Debug|Any CPU
		{34C5E560-16FD-4805-816F-8172E6DF561C}.DVD-5|x64.ActiveCfg = Debug|Any CPU
		{34C5E560-16FD-4805-816F-8172E6DF561C}.DVD-5|x64.Build.0 = Debug|Any CPU
		{34C5E560-16FD-4805-816F-8172E6DF561C}.DVD-5|x86.ActiveCfg = Debug|Any CPU
		{34C5E560-16FD-4805-816F-8172E6DF561C}.DVD-5|x86.Build.0 = Debug|Any CPU
		{34C5E560-16FD-4805-816F-8172E6DF561C}.Release|Any CPU.ActiveCfg = Release|Any CPU
		{34C5E560-16FD-4805-816F-8172E6DF561C}.Release|Any CPU.Build.0 = Release|Any CPU
		{34C5E560-16FD-4805-816F-8172E6DF561C}.Release|x64.ActiveCfg = Release|Any CPU
		{34C5E560-16FD-4805-816F-8172E6DF561C}.Release|x64.Build.0 = Release|Any CPU
		{34C5E560-16FD-4805-816F-8172E6DF561C}.Release|x86.ActiveCfg = Release|Any CPU
		{34C5E560-16FD-4805-816F-8172E6DF561C}.Release|x86.Build.0 = Release|Any CPU
		{34C5E560-16FD-4805-816F-8172E6DF561C}.SingleImage|Any CPU.ActiveCfg = Release|Any CPU
		{34C5E560-16FD-4805-816F-8172E6DF561C}.SingleImage|Any CPU.Build.0 = Release|Any CPU
		{34C5E560-16FD-4805-816F-8172E6DF561C}.SingleImage|x64.ActiveCfg = Release|Any CPU
		{34C5E560-16FD-4805-816F-8172E6DF561C}.SingleImage|x64.Build.0 = Release|Any CPU
		{34C5E560-16FD-4805-816F-8172E6DF561C}.SingleImage|x86.ActiveCfg = Release|Any CPU
		{34C5E560-16FD-4805-816F-8172E6DF561C}.SingleImage|x86.Build.0 = Release|Any CPU
	EndGlobalSection
	GlobalSection(SolutionProperties) = preSolution
		HideSolutionNode = FALSE
	EndGlobalSection
EndGlobal
